<?xml version="1.0" encoding="utf-8"?>
<Project ToolsVersion="4.0" xmlns="http://schemas.microsoft.com/developer/msbuild/2003">
  <ItemGroup>
    <Filter Include="Source Files">
      <UniqueIdentifier>{4FC737F1-C7A5-4376-A066-2A32D752A2FF}</UniqueIdentifier>
      <Extensions>cpp;c;cxx;def;odl;idl;hpj;bat;asm;asmx</Extensions>
    </Filter>
    <Filter Include="Header Files">
      <UniqueIdentifier>{93995380-89BD-4b04-88EB-625FBE52EBFB}</UniqueIdentifier>
      <Extensions>h;hpp;hxx;hm;inl;inc;xsd</Extensions>
    </Filter>
    <Filter Include="Resource Files">
      <UniqueIdentifier>{67DA6AB6-F800-4c08-8B7A-83BB121AAD01}</UniqueIdentifier>
      <Extensions>rc;ico;cur;bmp;dlg;rc2;rct;bin;rgs;gif;jpg;jpeg;jpe;resx</Extensions>
    </Filter>
    <Filter Include="ASELoader">
      <UniqueIdentifier>{ed8d8493-a1d9-48da-b4c6-0e42081c2ae3}</UniqueIdentifier>
    </Filter>
    <Filter Include="Maths">
      <UniqueIdentifier>{cc5993d3-7e95-4605-8acd-359cdbcf979f}</UniqueIdentifier>
    </Filter>
    <Filter Include="TextureCreator">
      <UniqueIdentifier>{2828b297-bf08-4b65-8ee2-09d95d7666e8}</UniqueIdentifier>
    </Filter>
  </ItemGroup>
  <ItemGroup>
    <ClCompile Include="Entity.cpp">
      <Filter>Source Files</Filter>
    </ClCompile>
    <ClCompile Include="Excavator.cpp">
      <Filter>Source Files</Filter>
    </ClCompile>
    <ClCompile Include="RendererOpenGL.cpp">
      <Filter>Source Files</Filter>
    </ClCompile>
    <ClCompile Include="windowCreator.cpp">
      <Filter>Source Files</Filter>
    </ClCompile>
    <ClCompile Include="winMain.cpp">
      <Filter>Source Files</Filter>
    </ClCompile>
    <ClCompile Include="ASELoader.cpp">
      <Filter>ASELoader</Filter>
    </ClCompile>
    <ClCompile Include="Matrix4x4f.cpp">
      <Filter>Maths</Filter>
    </ClCompile>
  </ItemGroup>
  <ItemGroup>
    <ClInclude Include="Entity.h">
      <Filter>Header Files</Filter>
    </ClInclude>
    <ClInclude Include="Excavator.h">
      <Filter>Header Files</Filter>
    </ClInclude>
    <ClInclude Include="Geometry.h">
      <Filter>Header Files</Filter>
    </ClInclude>
    <ClInclude Include="RendererOpenGL.h">
      <Filter>Header Files</Filter>
    </ClInclude>
    <ClInclude Include="windowCreator.h">
      <Filter>Header Files</Filter>
    </ClInclude>
    <ClInclude Include="ASELoader.h">
      <Filter>ASELoader</Filter>
    </ClInclude>
    <ClInclude Include="gameTimerHighPerformance.h">
      <Filter>Maths</Filter>
    </ClInclude>
    <ClInclude Include="Matrix4x4f.h">
      <Filter>Maths</Filter>
    </ClInclude>
    <ClInclude Include="Vector3.h">
      <Filter>Maths</Filter>
    </ClInclude>
    <ClInclude Include="Vertex3.h">
      <Filter>Maths</Filter>
    </ClInclude>
    <ClInclude Include="resource.h">
      <Filter>Header Files</Filter>
    </ClInclude>
    <ClInclude Include="glew\glew.h">
      <Filter>Header Files</Filter>
    </ClInclude>
    <ClInclude Include="TextureCreator.h">
      <Filter>TextureCreator</Filter>
    </ClInclude>
  </ItemGroup>
  <ItemGroup>
    <ResourceCompile Include="framework.rc">
      <Filter>Resource Files</Filter>
    </ResourceCompile>
  </ItemGroup>
</Project>